
Microsoft Visual Studio Solution File, Format Version 12.00
# Visual Studio Version 17
VisualStudioVersion = 17.0.31717.71
MinimumVisualStudioVersion = 10.0.40219.1
Project("{FAE04EC0-301F-11D3-BF4B-00C04F79EFBC}") = "DesEncryption", "DesEncryption\DesEncryption.csproj", "{8B5917E6-0F81-464D-8C02-2E75CAEC4FA2}"
EndProject
Global
	GlobalSection(SolutionConfigurationPlatforms) = preSolution
		Debug|Any CPU = Debug|Any CPU
		Release|Any CPU = Release|Any CPU
	EndGlobalSection
	GlobalSection(ProjectConfigurationPlatforms) = postSolution
		{8B5917E6-0F81-464D-8C02-2E75CAEC4FA2}.Debug|Any CPU.ActiveCfg = Debug|Any CPU
		{8B5917E6-0F81-464D-8C02-2E75CAEC4FA2}.Debug|Any CPU.Build.0 = Debug|Any CPU
		{8B5917E6-0F81-464D-8C02-2E75CAEC4FA2}.Release|Any CPU.ActiveCfg = Release|Any CPU
		{8B5917E6-0F81-464D-8C02-2E75CAEC4FA2}.Release|Any CPU.Build.0 = Release|Any CPU
	EndGlobalSection
	GlobalSection(SolutionProperties) = preSolution
		HideSolutionNode = FALSE
	EndGlobalSection
	GlobalSection(ExtensibilityGlobals) = postSolution
		SolutionGuid = {2F18E37A-1013-4433-86A5-B2310F55DDFE}
	EndGlobalSection
EndGlobal
